
Microsoft Visual Studio Solution File, Format Version 12.00
# Visual Studio Version 17
VisualStudioVersion = 17.9.34728.123
MinimumVisualStudioVersion = 10.0.40219.1
Project("{9A19103F-16F7-4668-BE54-9A1E7A4F7556}") = "Laboratorio1", "..\Laboratorio1\Laboratorio1.csproj", "{4D0E3A33-C732-4E1D-984F-C0A5240BA809}"
EndProject
Project("{9A19103F-16F7-4668-BE54-9A1E7A4F7556}") = "ejercicio1", "Laboratorio3\ejercicio1.csproj", "{70EF13DB-BF9C-4E87-A49D-E3BBFC9A1CFF}"
EndProject
Project("{2150E333-8FDC-42A3-9474-1A3956D46DE8}") = "Laboratorio3-4", "Laboratorio3-4", "{3D056792-F2C3-47F7-976D-C889625E5A8C}"
EndProject
Project("{FAE04EC0-301F-11D3-BF4B-00C04F79EFBC}") = "ejercicio2", "ejercicio2\ejercicio2.csproj", "{AAC2BF06-0B62-4FDB-9AAF-A0BE5BE3EF26}"
EndProject
Project("{FAE04EC0-301F-11D3-BF4B-00C04F79EFBC}") = "ejercicio3", "ejercicio3\ejercicio3.csproj", "{ADEBBFBE-F27A-43A0-9932-213184EE7FED}"
EndProject
Project("{FAE04EC0-301F-11D3-BF4B-00C04F79EFBC}") = "ejercicio4", "ejercicio4\ejercicio4.csproj", "{8AE6B6DB-A6C4-460E-B82D-8B35C9F3299C}"
EndProject
Project("{FAE04EC0-301F-11D3-BF4B-00C04F79EFBC}") = "ejercicio5", "ejercicio5\ejercicio5.csproj", "{D300785A-7B88-44AB-B9DD-DC7FBC3AA4AD}"
EndProject
Project("{FAE04EC0-301F-11D3-BF4B-00C04F79EFBC}") = "ejercicio6", "ejercicio6\ejercicio6.csproj", "{00BA4DB1-3EE8-4996-A882-B81A0243FE1C}"
EndProject
Project("{FAE04EC0-301F-11D3-BF4B-00C04F79EFBC}") = "ejercicio7", "ejercicio7\ejercicio7.csproj", "{99E4C419-E3BC-4045-8B98-95C4FC8AF583}"
EndProject
Project("{FAE04EC0-301F-11D3-BF4B-00C04F79EFBC}") = "ejercicio8", "ejercicio8\ejercicio8.csproj", "{432A7EEF-32CA-4B2D-A16B-FDE9B52C3825}"
EndProject
Project("{FAE04EC0-301F-11D3-BF4B-00C04F79EFBC}") = "ejercicio9", "ejercicio9\ejercicio9.csproj", "{6E5D794C-656A-4267-AF06-A99BA6A24B6B}"
EndProject
Project("{FAE04EC0-301F-11D3-BF4B-00C04F79EFBC}") = "ejercicio10", "ejercicio10\ejercicio10.csproj", "{89496B74-926A-44C9-9EA3-DA57E8742FB0}"
EndProject
Project("{FAE04EC0-301F-11D3-BF4B-00C04F79EFBC}") = "ejercicio11", "ejercicio11\ejercicio11.csproj", "{3F38785D-EA4B-405D-A3F3-25AC46372518}"
EndProject
Project("{FAE04EC0-301F-11D3-BF4B-00C04F79EFBC}") = "ejercicio12", "ejercicio12\ejercicio12.csproj", "{67210ABF-E019-4DCA-96F5-98262D7FCEAC}"
EndProject
Project("{FAE04EC0-301F-11D3-BF4B-00C04F79EFBC}") = "ejercicio13", "ejercicio13\ejercicio13.csproj", "{2449A3D8-446C-41A4-AF14-5E0465214C00}"
EndProject
Project("{FAE04EC0-301F-11D3-BF4B-00C04F79EFBC}") = "ejercicio14", "ejercicio14\ejercicio14.csproj", "{77CD6B3B-AFC0-40E6-BAEA-A91477A562B6}"
EndProject
Project("{FAE04EC0-301F-11D3-BF4B-00C04F79EFBC}") = "ejercicio15", "ejercicio15\ejercicio15.csproj", "{91A9E5F8-4E56-4922-8522-165D4655B51F}"
EndProject
Project("{FAE04EC0-301F-11D3-BF4B-00C04F79EFBC}") = "ejercicio16", "ejercicio16\ejercicio16.csproj", "{0D73439E-6F8F-4FD0-8B78-9291F130CB74}"
EndProject
Project("{FAE04EC0-301F-11D3-BF4B-00C04F79EFBC}") = "ejercicio17", "ejercicio17\ejercicio17.csproj", "{45F51293-2CA0-4F19-9B86-2038AABEC36F}"
EndProject
Global
	GlobalSection(SolutionConfigurationPlatforms) = preSolution
		Debug|Any CPU = Debug|Any CPU
		Release|Any CPU = Release|Any CPU
	EndGlobalSection
	GlobalSection(ProjectConfigurationPlatforms) = postSolution
		{4D0E3A33-C732-4E1D-984F-C0A5240BA809}.Debug|Any CPU.ActiveCfg = Debug|Any CPU
		{4D0E3A33-C732-4E1D-984F-C0A5240BA809}.Debug|Any CPU.Build.0 = Debug|Any CPU
		{4D0E3A33-C732-4E1D-984F-C0A5240BA809}.Release|Any CPU.ActiveCfg = Release|Any CPU
		{4D0E3A33-C732-4E1D-984F-C0A5240BA809}.Release|Any CPU.Build.0 = Release|Any CPU
		{70EF13DB-BF9C-4E87-A49D-E3BBFC9A1CFF}.Debug|Any CPU.ActiveCfg = Debug|Any CPU
		{70EF13DB-BF9C-4E87-A49D-E3BBFC9A1CFF}.Debug|Any CPU.Build.0 = Debug|Any CPU
		{70EF13DB-BF9C-4E87-A49D-E3BBFC9A1CFF}.Release|Any CPU.ActiveCfg = Release|Any CPU
		{70EF13DB-BF9C-4E87-A49D-E3BBFC9A1CFF}.Release|Any CPU.Build.0 = Release|Any CPU
		{AAC2BF06-0B62-4FDB-9AAF-A0BE5BE3EF26}.Debug|Any CPU.ActiveCfg = Debug|Any CPU
		{AAC2BF06-0B62-4FDB-9AAF-A0BE5BE3EF26}.Debug|Any CPU.Build.0 = Debug|Any CPU
		{AAC2BF06-0B62-4FDB-9AAF-A0BE5BE3EF26}.Release|Any CPU.ActiveCfg = Release|Any CPU
		{AAC2BF06-0B62-4FDB-9AAF-A0BE5BE3EF26}.Release|Any CPU.Build.0 = Release|Any CPU
		{ADEBBFBE-F27A-43A0-9932-213184EE7FED}.Debug|Any CPU.ActiveCfg = Debug|Any CPU
		{ADEBBFBE-F27A-43A0-9932-213184EE7FED}.Debug|Any CPU.Build.0 = Debug|Any CPU
		{ADEBBFBE-F27A-43A0-9932-213184EE7FED}.Release|Any CPU.ActiveCfg = Release|Any CPU
		{ADEBBFBE-F27A-43A0-9932-213184EE7FED}.Release|Any CPU.Build.0 = Release|Any CPU
		{8AE6B6DB-A6C4-460E-B82D-8B35C9F3299C}.Debug|Any CPU.ActiveCfg = Debug|Any CPU
		{8AE6B6DB-A6C4-460E-B82D-8B35C9F3299C}.Debug|Any CPU.Build.0 = Debug|Any CPU
		{8AE6B6DB-A6C4-460E-B82D-8B35C9F3299C}.Release|Any CPU.ActiveCfg = Release|Any CPU
		{8AE6B6DB-A6C4-460E-B82D-8B35C9F3299C}.Release|Any CPU.Build.0 = Release|Any CPU
		{D300785A-7B88-44AB-B9DD-DC7FBC3AA4AD}.Debug|Any CPU.ActiveCfg = Debug|Any CPU
		{D300785A-7B88-44AB-B9DD-DC7FBC3AA4AD}.Debug|Any CPU.Build.0 = Debug|Any CPU
		{D300785A-7B88-44AB-B9DD-DC7FBC3AA4AD}.Release|Any CPU.ActiveCfg = Release|Any CPU
		{D300785A-7B88-44AB-B9DD-DC7FBC3AA4AD}.Release|Any CPU.Build.0 = Release|Any CPU
		{00BA4DB1-3EE8-4996-A882-B81A0243FE1C}.Debug|Any CPU.ActiveCfg = Debug|Any CPU
		{00BA4DB1-3EE8-4996-A882-B81A0243FE1C}.Debug|Any CPU.Build.0 = Debug|Any CPU
		{00BA4DB1-3EE8-4996-A882-B81A0243FE1C}.Release|Any CPU.ActiveCfg = Release|Any CPU
		{00BA4DB1-3EE8-4996-A882-B81A0243FE1C}.Release|Any CPU.Build.0 = Release|Any CPU
		{99E4C419-E3BC-4045-8B98-95C4FC8AF583}.Debug|Any CPU.ActiveCfg = Debug|Any CPU
		{99E4C419-E3BC-4045-8B98-95C4FC8AF583}.Debug|Any CPU.Build.0 = Debug|Any CPU
		{99E4C419-E3BC-4045-8B98-95C4FC8AF583}.Release|Any CPU.ActiveCfg = Release|Any CPU
		{99E4C419-E3BC-4045-8B98-95C4FC8AF583}.Release|Any CPU.Build.0 = Release|Any CPU
		{432A7EEF-32CA-4B2D-A16B-FDE9B52C3825}.Debug|Any CPU.ActiveCfg = Debug|Any CPU
		{432A7EEF-32CA-4B2D-A16B-FDE9B52C3825}.Debug|Any CPU.Build.0 = Debug|Any CPU
		{432A7EEF-32CA-4B2D-A16B-FDE9B52C3825}.Release|Any CPU.ActiveCfg = Release|Any CPU
		{432A7EEF-32CA-4B2D-A16B-FDE9B52C3825}.Release|Any CPU.Build.0 = Release|Any CPU
		{6E5D794C-656A-4267-AF06-A99BA6A24B6B}.Debug|Any CPU.ActiveCfg = Debug|Any CPU
		{6E5D794C-656A-4267-AF06-A99BA6A24B6B}.Debug|Any CPU.Build.0 = Debug|Any CPU
		{6E5D794C-656A-4267-AF06-A99BA6A24B6B}.Release|Any CPU.ActiveCfg = Release|Any CPU
		{6E5D794C-656A-4267-AF06-A99BA6A24B6B}.Release|Any CPU.Build.0 = Release|Any CPU
		{89496B74-926A-44C9-9EA3-DA57E8742FB0}.Debug|Any CPU.ActiveCfg = Debug|Any CPU
		{89496B74-926A-44C9-9EA3-DA57E8742FB0}.Debug|Any CPU.Build.0 = Debug|Any CPU
		{89496B74-926A-44C9-9EA3-DA57E8742FB0}.Release|Any CPU.ActiveCfg = Release|Any CPU
		{89496B74-926A-44C9-9EA3-DA57E8742FB0}.Release|Any CPU.Build.0 = Release|Any CPU
		{3F38785D-EA4B-405D-A3F3-25AC46372518}.Debug|Any CPU.ActiveCfg = Debug|Any CPU
		{3F38785D-EA4B-405D-A3F3-25AC46372518}.Debug|Any CPU.Build.0 = Debug|Any CPU
		{3F38785D-EA4B-405D-A3F3-25AC46372518}.Release|Any CPU.ActiveCfg = Release|Any CPU
		{3F38785D-EA4B-405D-A3F3-25AC46372518}.Release|Any CPU.Build.0 = Release|Any CPU
		{67210ABF-E019-4DCA-96F5-98262D7FCEAC}.Debug|Any CPU.ActiveCfg = Debug|Any CPU
		{67210ABF-E019-4DCA-96F5-98262D7FCEAC}.Debug|Any CPU.Build.0 = Debug|Any CPU
		{67210ABF-E019-4DCA-96F5-98262D7FCEAC}.Release|Any CPU.ActiveCfg = Release|Any CPU
		{67210ABF-E019-4DCA-96F5-98262D7FCEAC}.Release|Any CPU.Build.0 = Release|Any CPU
		{2449A3D8-446C-41A4-AF14-5E0465214C00}.Debug|Any CPU.ActiveCfg = Debug|Any CPU
		{2449A3D8-446C-41A4-AF14-5E0465214C00}.Debug|Any CPU.Build.0 = Debug|Any CPU
		{2449A3D8-446C-41A4-AF14-5E0465214C00}.Release|Any CPU.ActiveCfg = Release|Any CPU
		{2449A3D8-446C-41A4-AF14-5E0465214C00}.Release|Any CPU.Build.0 = Release|Any CPU
		{77CD6B3B-AFC0-40E6-BAEA-A91477A562B6}.Debug|Any CPU.ActiveCfg = Debug|Any CPU
		{77CD6B3B-AFC0-40E6-BAEA-A91477A562B6}.Debug|Any CPU.Build.0 = Debug|Any CPU
		{77CD6B3B-AFC0-40E6-BAEA-A91477A562B6}.Release|Any CPU.ActiveCfg = Release|Any CPU
		{77CD6B3B-AFC0-40E6-BAEA-A91477A562B6}.Release|Any CPU.Build.0 = Release|Any CPU
		{91A9E5F8-4E56-4922-8522-165D4655B51F}.Debug|Any CPU.ActiveCfg = Debug|Any CPU
		{91A9E5F8-4E56-4922-8522-165D4655B51F}.Debug|Any CPU.Build.0 = Debug|Any CPU
		{91A9E5F8-4E56-4922-8522-165D4655B51F}.Release|Any CPU.ActiveCfg = Release|Any CPU
		{91A9E5F8-4E56-4922-8522-165D4655B51F}.Release|Any CPU.Build.0 = Release|Any CPU
		{0D73439E-6F8F-4FD0-8B78-9291F130CB74}.Debug|Any CPU.ActiveCfg = Debug|Any CPU
		{0D73439E-6F8F-4FD0-8B78-9291F130CB74}.Debug|Any CPU.Build.0 = Debug|Any CPU
		{0D73439E-6F8F-4FD0-8B78-9291F130CB74}.Release|Any CPU.ActiveCfg = Release|Any CPU
		{0D73439E-6F8F-4FD0-8B78-9291F130CB74}.Release|Any CPU.Build.0 = Release|Any CPU
		{45F51293-2CA0-4F19-9B86-2038AABEC36F}.Debug|Any CPU.ActiveCfg = Debug|Any CPU
		{45F51293-2CA0-4F19-9B86-2038AABEC36F}.Debug|Any CPU.Build.0 = Debug|Any CPU
		{45F51293-2CA0-4F19-9B86-2038AABEC36F}.Release|Any CPU.ActiveCfg = Release|Any CPU
		{45F51293-2CA0-4F19-9B86-2038AABEC36F}.Release|Any CPU.Build.0 = Release|Any CPU
	EndGlobalSection
	GlobalSection(SolutionProperties) = preSolution
		HideSolutionNode = FALSE
	EndGlobalSection
	GlobalSection(NestedProjects) = preSolution
		{70EF13DB-BF9C-4E87-A49D-E3BBFC9A1CFF} = {3D056792-F2C3-47F7-976D-C889625E5A8C}
		{AAC2BF06-0B62-4FDB-9AAF-A0BE5BE3EF26} = {3D056792-F2C3-47F7-976D-C889625E5A8C}
		{ADEBBFBE-F27A-43A0-9932-213184EE7FED} = {3D056792-F2C3-47F7-976D-C889625E5A8C}
		{8AE6B6DB-A6C4-460E-B82D-8B35C9F3299C} = {3D056792-F2C3-47F7-976D-C889625E5A8C}
		{D300785A-7B88-44AB-B9DD-DC7FBC3AA4AD} = {3D056792-F2C3-47F7-976D-C889625E5A8C}
		{00BA4DB1-3EE8-4996-A882-B81A0243FE1C} = {3D056792-F2C3-47F7-976D-C889625E5A8C}
		{99E4C419-E3BC-4045-8B98-95C4FC8AF583} = {3D056792-F2C3-47F7-976D-C889625E5A8C}
		{432A7EEF-32CA-4B2D-A16B-FDE9B52C3825} = {3D056792-F2C3-47F7-976D-C889625E5A8C}
		{6E5D794C-656A-4267-AF06-A99BA6A24B6B} = {3D056792-F2C3-47F7-976D-C889625E5A8C}
		{89496B74-926A-44C9-9EA3-DA57E8742FB0} = {3D056792-F2C3-47F7-976D-C889625E5A8C}
		{3F38785D-EA4B-405D-A3F3-25AC46372518} = {3D056792-F2C3-47F7-976D-C889625E5A8C}
		{67210ABF-E019-4DCA-96F5-98262D7FCEAC} = {3D056792-F2C3-47F7-976D-C889625E5A8C}
		{2449A3D8-446C-41A4-AF14-5E0465214C00} = {3D056792-F2C3-47F7-976D-C889625E5A8C}
		{77CD6B3B-AFC0-40E6-BAEA-A91477A562B6} = {3D056792-F2C3-47F7-976D-C889625E5A8C}
		{91A9E5F8-4E56-4922-8522-165D4655B51F} = {3D056792-F2C3-47F7-976D-C889625E5A8C}
		{0D73439E-6F8F-4FD0-8B78-9291F130CB74} = {3D056792-F2C3-47F7-976D-C889625E5A8C}
		{45F51293-2CA0-4F19-9B86-2038AABEC36F} = {3D056792-F2C3-47F7-976D-C889625E5A8C}
	EndGlobalSection
	GlobalSection(ExtensibilityGlobals) = postSolution
		SolutionGuid = {A9028F38-796D-41AB-B8E3-AA1E2AB64D31}
	EndGlobalSection
EndGlobal
