
Microsoft Visual Studio Solution File, Format Version 12.00
# Visual Studio Version 17
VisualStudioVersion = 17.9.34728.123
MinimumVisualStudioVersion = 10.0.40219.1
Project("{9A19103F-16F7-4668-BE54-9A1E7A4F7556}") = "Laboratorio1", "..\Laboratorio1\Laboratorio1.csproj", "{4D0E3A33-C732-4E1D-984F-C0A5240BA809}"
EndProject
Project("{9A19103F-16F7-4668-BE54-9A1E7A4F7556}") = "Ejercicio1", "Laboratorio3\Ejercicio1.csproj", "{70EF13DB-BF9C-4E87-A49D-E3BBFC9A1CFF}"
EndProject
Project("{2150E333-8FDC-42A3-9474-1A3956D46DE8}") = "Laboratorios3-4", "Laboratorios3-4", "{3D056792-F2C3-47F7-976D-C889625E5A8C}"
EndProject
Project("{FAE04EC0-301F-11D3-BF4B-00C04F79EFBC}") = "ejercicio2", "ejercicio2\ejercicio2.csproj", "{AAC2BF06-0B62-4FDB-9AAF-A0BE5BE3EF26}"
EndProject
Project("{FAE04EC0-301F-11D3-BF4B-00C04F79EFBC}") = "ejercicio3", "ejercicio3\ejercicio3.csproj", "{ADEBBFBE-F27A-43A0-9932-213184EE7FED}"
EndProject
Project("{FAE04EC0-301F-11D3-BF4B-00C04F79EFBC}") = "ejercicio4", "ejercicio4\ejercicio4.csproj", "{8AE6B6DB-A6C4-460E-B82D-8B35C9F3299C}"
EndProject
Project("{FAE04EC0-301F-11D3-BF4B-00C04F79EFBC}") = "ejercicio5", "ejercicio5\ejercicio5.csproj", "{D300785A-7B88-44AB-B9DD-DC7FBC3AA4AD}"
EndProject
Project("{FAE04EC0-301F-11D3-BF4B-00C04F79EFBC}") = "ejercicio6", "ejercicio6\ejercicio6.csproj", "{00BA4DB1-3EE8-4996-A882-B81A0243FE1C}"
EndProject
Project("{FAE04EC0-301F-11D3-BF4B-00C04F79EFBC}") = "ejercicio7", "ejercicio7\ejercicio7.csproj", "{99E4C419-E3BC-4045-8B98-95C4FC8AF583}"
EndProject
Project("{FAE04EC0-301F-11D3-BF4B-00C04F79EFBC}") = "ejercicio8", "ejercicio8\ejercicio8.csproj", "{432A7EEF-32CA-4B2D-A16B-FDE9B52C3825}"
EndProject
Project("{FAE04EC0-301F-11D3-BF4B-00C04F79EFBC}") = "ejercicio9", "ejercicio9\ejercicio9.csproj", "{6E5D794C-656A-4267-AF06-A99BA6A24B6B}"
EndProject
Project("{9A19103F-16F7-4668-BE54-9A1E7A4F7556}") = "ejercicio10", "ejercicio10\ejercicio10.csproj", "{89496B74-926A-44C9-9EA3-DA57E8742FB0}"
EndProject
Project("{9A19103F-16F7-4668-BE54-9A1E7A4F7556}") = "ejercicio11", "ejercicio11\ejercicio11.csproj", "{3F38785D-EA4B-405D-A3F3-25AC46372518}"
EndProject
Project("{9A19103F-16F7-4668-BE54-9A1E7A4F7556}") = "ejercicio12", "ejercicio12\ejercicio12.csproj", "{67210ABF-E019-4DCA-96F5-98262D7FCEAC}"
EndProject
Project("{9A19103F-16F7-4668-BE54-9A1E7A4F7556}") = "ejercicio13", "ejercicio13\ejercicio13.csproj", "{2449A3D8-446C-41A4-AF14-5E0465214C00}"
EndProject
Project("{9A19103F-16F7-4668-BE54-9A1E7A4F7556}") = "ejercicio14", "ejercicio14\ejercicio14.csproj", "{77CD6B3B-AFC0-40E6-BAEA-A91477A562B6}"
EndProject
Project("{9A19103F-16F7-4668-BE54-9A1E7A4F7556}") = "ejercicio15", "ejercicio15\ejercicio15.csproj", "{91A9E5F8-4E56-4922-8522-165D4655B51F}"
EndProject
Project("{FAE04EC0-301F-11D3-BF4B-00C04F79EFBC}") = "ejercicio16", "ejercicio16\ejercicio16.csproj", "{0D73439E-6F8F-4FD0-8B78-9291F130CB74}"
EndProject
Project("{FAE04EC0-301F-11D3-BF4B-00C04F79EFBC}") = "ejercicio17", "ejercicio17\ejercicio17.csproj", "{45F51293-2CA0-4F19-9B86-2038AABEC36F}"
EndProject
Project("{2150E333-8FDC-42A3-9474-1A3956D46DE8}") = "Laboratorio1-2", "Laboratorio1-2", "{7A8208CE-EEDF-4638-A2DF-0F6A9E720665}"
EndProject
Project("{9A19103F-16F7-4668-BE54-9A1E7A4F7556}") = "Ejercicio01", "Ejercicio01\Ejercicio01.csproj", "{659F9449-8698-40F6-8E0E-7DF0CC96583B}"
EndProject
Project("{9A19103F-16F7-4668-BE54-9A1E7A4F7556}") = "ejercicio02", "ejercicio02\ejercicio02.csproj", "{874A4A6C-9F92-46C6-BFC4-B92DF57DBD45}"
EndProject
Project("{9A19103F-16F7-4668-BE54-9A1E7A4F7556}") = "ejercicio03", "ejercicio03\ejercicio03.csproj", "{5221715F-FFAB-489F-BA7E-BC3370B4DB93}"
EndProject
Project("{9A19103F-16F7-4668-BE54-9A1E7A4F7556}") = "ejercicio04", "ejercicio04\ejercicio04.csproj", "{15746560-A322-4BAA-8DBF-0667317A8D53}"
EndProject
Project("{9A19103F-16F7-4668-BE54-9A1E7A4F7556}") = "ejercicio05", "ejercicio05\ejercicio05.csproj", "{2823A82C-DB8C-444A-9387-5CD866C2A9E6}"
EndProject
Project("{9A19103F-16F7-4668-BE54-9A1E7A4F7556}") = "ejercicio06", "ejercicio06\ejercicio06.csproj", "{4FC9BBB6-2B9C-4997-93CC-144FB07E6A0E}"
EndProject
Project("{9A19103F-16F7-4668-BE54-9A1E7A4F7556}") = "ejercicio08", "ejercicio08\ejercicio08.csproj", "{A3155FE8-FC87-48E1-A72F-EE254A96551F}"
EndProject
Project("{9A19103F-16F7-4668-BE54-9A1E7A4F7556}") = "ejercicio09", "ejercicio09\ejercicio09.csproj", "{6884B533-F22C-41C4-AC0E-C7CFE0BFD8A8}"
EndProject
Project("{9A19103F-16F7-4668-BE54-9A1E7A4F7556}") = "ejercicio07", "ejercicio07\ejercicio07.csproj", "{619CC96F-D37A-4BE1-AF45-AA96299645F0}"
EndProject
Project("{2150E333-8FDC-42A3-9474-1A3956D46DE8}") = "Laboratorio7", "Laboratorio7", "{7D0E6025-AFA4-4531-A381-FAAA932A373D}"
EndProject
Project("{2150E333-8FDC-42A3-9474-1A3956D46DE8}") = "Laboratorio8", "Laboratorio8", "{8CEC0405-FA4A-4AF0-B84C-49058CAB49F2}"
EndProject
Project("{9A19103F-16F7-4668-BE54-9A1E7A4F7556}") = "actividad1", "actividad1\actividad1.csproj", "{AE39050D-CE60-43E8-A85C-CC82CDF6E90B}"
EndProject
Project("{9A19103F-16F7-4668-BE54-9A1E7A4F7556}") = "actividad2", "actividad2\actividad2.csproj", "{A27D080A-1D4A-4D02-ADC0-6064340FC711}"
EndProject
Project("{9A19103F-16F7-4668-BE54-9A1E7A4F7556}") = "actividad3", "actividad3\actividad3.csproj", "{C95A6722-0101-4172-8BB2-A8F880AFFB74}"
EndProject
Project("{9A19103F-16F7-4668-BE54-9A1E7A4F7556}") = "actividad4", "actividad4\actividad4.csproj", "{C549732F-309C-4B4B-AD72-2025EC485209}"
EndProject
Project("{9A19103F-16F7-4668-BE54-9A1E7A4F7556}") = "actividad5", "actividad5\actividad5.csproj", "{F80C05EA-2831-4FEB-AF0D-271F6D92F3DE}"
EndProject
Project("{9A19103F-16F7-4668-BE54-9A1E7A4F7556}") = "actividad6", "actividad6\actividad6.csproj", "{47679294-22A2-44D9-995D-818096489F5C}"
EndProject
Project("{9A19103F-16F7-4668-BE54-9A1E7A4F7556}") = "actividad7", "actividad7\actividad7.csproj", "{6DB08757-30F6-46D6-8C6A-04B4B569C4BA}"
EndProject
Project("{9A19103F-16F7-4668-BE54-9A1E7A4F7556}") = "actividad8", "actividad8\actividad8.csproj", "{7A5CCFD0-293D-41CC-9C35-38BD4715FD5E}"
EndProject
Project("{9A19103F-16F7-4668-BE54-9A1E7A4F7556}") = "actividad9", "actividad9\actividad9.csproj", "{37498AFC-6670-4E93-9092-B441EB8AC008}"
EndProject
Project("{9A19103F-16F7-4668-BE54-9A1E7A4F7556}") = "actividad10", "actividad10\actividad10.csproj", "{A00B8321-C926-4270-952F-7745C422D778}"
EndProject
Project("{9A19103F-16F7-4668-BE54-9A1E7A4F7556}") = "actividad11", "actividad11\actividad11.csproj", "{89D1730F-BF3F-45F3-9177-17456CEE060A}"
EndProject
Project("{9A19103F-16F7-4668-BE54-9A1E7A4F7556}") = "actividad12", "actividad12\actividad12.csproj", "{43DFC100-7B98-4AB1-B120-C0783F8B05D3}"
EndProject
Project("{9A19103F-16F7-4668-BE54-9A1E7A4F7556}") = "actividad13", "actividad13\actividad13.csproj", "{5B7EF474-4412-4CF3-AE79-DDFA00053368}"
EndProject
Project("{9A19103F-16F7-4668-BE54-9A1E7A4F7556}") = "actividad14", "actividad14\actividad14.csproj", "{4013FF64-6C93-45B8-8843-D5C9E000AEC3}"
EndProject
Project("{9A19103F-16F7-4668-BE54-9A1E7A4F7556}") = "actividad15", "actividad15\actividad15.csproj", "{609111B0-CC38-447B-809E-45BCA89F7FF0}"
EndProject
Project("{9A19103F-16F7-4668-BE54-9A1E7A4F7556}") = "actividad16", "actividad16\actividad16.csproj", "{37248CF6-49A4-47C3-BDCC-5EB7A0BAABA6}"
EndProject
Project("{9A19103F-16F7-4668-BE54-9A1E7A4F7556}") = "actividad17", "actividad17\actividad17.csproj", "{B238643E-47CA-4BC3-AC0B-96AE50DF1920}"
EndProject
Project("{9A19103F-16F7-4668-BE54-9A1E7A4F7556}") = "actividad18", "actividad18\actividad18.csproj", "{FECE4291-9DBF-418C-A198-F66833A8B2A1}"
EndProject
Project("{9A19103F-16F7-4668-BE54-9A1E7A4F7556}") = "actividad19", "actividad19\actividad19.csproj", "{D125F5F3-1D71-4FA1-95AA-6D5817F526A1}"
EndProject
Project("{9A19103F-16F7-4668-BE54-9A1E7A4F7556}") = "actividad20", "actividad20\actividad20.csproj", "{5B2F995B-2811-416D-B9B2-790EA7A1AD10}"
EndProject
Project("{9A19103F-16F7-4668-BE54-9A1E7A4F7556}") = "WinFormsApp2", "WinFormsApp2\WinFormsApp2.csproj", "{2DD46C33-FE31-4E38-BC57-7C6EA54CCA86}"
EndProject
Project("{9A19103F-16F7-4668-BE54-9A1E7A4F7556}") = "WinFormsApp4", "WinFormsApp4\WinFormsApp4.csproj", "{629E3B37-34B9-4D98-986D-3FD0544B5A6A}"
EndProject
Global
	GlobalSection(SolutionConfigurationPlatforms) = preSolution
		Debug|Any CPU = Debug|Any CPU
		Release|Any CPU = Release|Any CPU
	EndGlobalSection
	GlobalSection(ProjectConfigurationPlatforms) = postSolution
		{4D0E3A33-C732-4E1D-984F-C0A5240BA809}.Debug|Any CPU.ActiveCfg = Debug|Any CPU
		{4D0E3A33-C732-4E1D-984F-C0A5240BA809}.Debug|Any CPU.Build.0 = Debug|Any CPU
		{4D0E3A33-C732-4E1D-984F-C0A5240BA809}.Release|Any CPU.ActiveCfg = Release|Any CPU
		{4D0E3A33-C732-4E1D-984F-C0A5240BA809}.Release|Any CPU.Build.0 = Release|Any CPU
		{70EF13DB-BF9C-4E87-A49D-E3BBFC9A1CFF}.Debug|Any CPU.ActiveCfg = Debug|Any CPU
		{70EF13DB-BF9C-4E87-A49D-E3BBFC9A1CFF}.Debug|Any CPU.Build.0 = Debug|Any CPU
		{70EF13DB-BF9C-4E87-A49D-E3BBFC9A1CFF}.Release|Any CPU.ActiveCfg = Release|Any CPU
		{70EF13DB-BF9C-4E87-A49D-E3BBFC9A1CFF}.Release|Any CPU.Build.0 = Release|Any CPU
		{AAC2BF06-0B62-4FDB-9AAF-A0BE5BE3EF26}.Debug|Any CPU.ActiveCfg = Debug|Any CPU
		{AAC2BF06-0B62-4FDB-9AAF-A0BE5BE3EF26}.Debug|Any CPU.Build.0 = Debug|Any CPU
		{AAC2BF06-0B62-4FDB-9AAF-A0BE5BE3EF26}.Release|Any CPU.ActiveCfg = Release|Any CPU
		{AAC2BF06-0B62-4FDB-9AAF-A0BE5BE3EF26}.Release|Any CPU.Build.0 = Release|Any CPU
		{ADEBBFBE-F27A-43A0-9932-213184EE7FED}.Debug|Any CPU.ActiveCfg = Debug|Any CPU
		{ADEBBFBE-F27A-43A0-9932-213184EE7FED}.Debug|Any CPU.Build.0 = Debug|Any CPU
		{ADEBBFBE-F27A-43A0-9932-213184EE7FED}.Release|Any CPU.ActiveCfg = Release|Any CPU
		{ADEBBFBE-F27A-43A0-9932-213184EE7FED}.Release|Any CPU.Build.0 = Release|Any CPU
		{8AE6B6DB-A6C4-460E-B82D-8B35C9F3299C}.Debug|Any CPU.ActiveCfg = Debug|Any CPU
		{8AE6B6DB-A6C4-460E-B82D-8B35C9F3299C}.Debug|Any CPU.Build.0 = Debug|Any CPU
		{8AE6B6DB-A6C4-460E-B82D-8B35C9F3299C}.Release|Any CPU.ActiveCfg = Release|Any CPU
		{8AE6B6DB-A6C4-460E-B82D-8B35C9F3299C}.Release|Any CPU.Build.0 = Release|Any CPU
		{D300785A-7B88-44AB-B9DD-DC7FBC3AA4AD}.Debug|Any CPU.ActiveCfg = Debug|Any CPU
		{D300785A-7B88-44AB-B9DD-DC7FBC3AA4AD}.Debug|Any CPU.Build.0 = Debug|Any CPU
		{D300785A-7B88-44AB-B9DD-DC7FBC3AA4AD}.Release|Any CPU.ActiveCfg = Release|Any CPU
		{D300785A-7B88-44AB-B9DD-DC7FBC3AA4AD}.Release|Any CPU.Build.0 = Release|Any CPU
		{00BA4DB1-3EE8-4996-A882-B81A0243FE1C}.Debug|Any CPU.ActiveCfg = Debug|Any CPU
		{00BA4DB1-3EE8-4996-A882-B81A0243FE1C}.Debug|Any CPU.Build.0 = Debug|Any CPU
		{00BA4DB1-3EE8-4996-A882-B81A0243FE1C}.Release|Any CPU.ActiveCfg = Release|Any CPU
		{00BA4DB1-3EE8-4996-A882-B81A0243FE1C}.Release|Any CPU.Build.0 = Release|Any CPU
		{99E4C419-E3BC-4045-8B98-95C4FC8AF583}.Debug|Any CPU.ActiveCfg = Debug|Any CPU
		{99E4C419-E3BC-4045-8B98-95C4FC8AF583}.Debug|Any CPU.Build.0 = Debug|Any CPU
		{99E4C419-E3BC-4045-8B98-95C4FC8AF583}.Release|Any CPU.ActiveCfg = Release|Any CPU
		{99E4C419-E3BC-4045-8B98-95C4FC8AF583}.Release|Any CPU.Build.0 = Release|Any CPU
		{432A7EEF-32CA-4B2D-A16B-FDE9B52C3825}.Debug|Any CPU.ActiveCfg = Debug|Any CPU
		{432A7EEF-32CA-4B2D-A16B-FDE9B52C3825}.Debug|Any CPU.Build.0 = Debug|Any CPU
		{432A7EEF-32CA-4B2D-A16B-FDE9B52C3825}.Release|Any CPU.ActiveCfg = Release|Any CPU
		{432A7EEF-32CA-4B2D-A16B-FDE9B52C3825}.Release|Any CPU.Build.0 = Release|Any CPU
		{6E5D794C-656A-4267-AF06-A99BA6A24B6B}.Debug|Any CPU.ActiveCfg = Debug|Any CPU
		{6E5D794C-656A-4267-AF06-A99BA6A24B6B}.Debug|Any CPU.Build.0 = Debug|Any CPU
		{6E5D794C-656A-4267-AF06-A99BA6A24B6B}.Release|Any CPU.ActiveCfg = Release|Any CPU
		{6E5D794C-656A-4267-AF06-A99BA6A24B6B}.Release|Any CPU.Build.0 = Release|Any CPU
		{89496B74-926A-44C9-9EA3-DA57E8742FB0}.Debug|Any CPU.ActiveCfg = Debug|Any CPU
		{89496B74-926A-44C9-9EA3-DA57E8742FB0}.Debug|Any CPU.Build.0 = Debug|Any CPU
		{89496B74-926A-44C9-9EA3-DA57E8742FB0}.Release|Any CPU.ActiveCfg = Release|Any CPU
		{89496B74-926A-44C9-9EA3-DA57E8742FB0}.Release|Any CPU.Build.0 = Release|Any CPU
		{3F38785D-EA4B-405D-A3F3-25AC46372518}.Debug|Any CPU.ActiveCfg = Debug|Any CPU
		{3F38785D-EA4B-405D-A3F3-25AC46372518}.Debug|Any CPU.Build.0 = Debug|Any CPU
		{3F38785D-EA4B-405D-A3F3-25AC46372518}.Release|Any CPU.ActiveCfg = Release|Any CPU
		{3F38785D-EA4B-405D-A3F3-25AC46372518}.Release|Any CPU.Build.0 = Release|Any CPU
		{67210ABF-E019-4DCA-96F5-98262D7FCEAC}.Debug|Any CPU.ActiveCfg = Debug|Any CPU
		{67210ABF-E019-4DCA-96F5-98262D7FCEAC}.Debug|Any CPU.Build.0 = Debug|Any CPU
		{67210ABF-E019-4DCA-96F5-98262D7FCEAC}.Release|Any CPU.ActiveCfg = Release|Any CPU
		{67210ABF-E019-4DCA-96F5-98262D7FCEAC}.Release|Any CPU.Build.0 = Release|Any CPU
		{2449A3D8-446C-41A4-AF14-5E0465214C00}.Debug|Any CPU.ActiveCfg = Debug|Any CPU
		{2449A3D8-446C-41A4-AF14-5E0465214C00}.Debug|Any CPU.Build.0 = Debug|Any CPU
		{2449A3D8-446C-41A4-AF14-5E0465214C00}.Release|Any CPU.ActiveCfg = Release|Any CPU
		{2449A3D8-446C-41A4-AF14-5E0465214C00}.Release|Any CPU.Build.0 = Release|Any CPU
		{77CD6B3B-AFC0-40E6-BAEA-A91477A562B6}.Debug|Any CPU.ActiveCfg = Debug|Any CPU
		{77CD6B3B-AFC0-40E6-BAEA-A91477A562B6}.Debug|Any CPU.Build.0 = Debug|Any CPU
		{77CD6B3B-AFC0-40E6-BAEA-A91477A562B6}.Release|Any CPU.ActiveCfg = Release|Any CPU
		{77CD6B3B-AFC0-40E6-BAEA-A91477A562B6}.Release|Any CPU.Build.0 = Release|Any CPU
		{91A9E5F8-4E56-4922-8522-165D4655B51F}.Debug|Any CPU.ActiveCfg = Debug|Any CPU
		{91A9E5F8-4E56-4922-8522-165D4655B51F}.Debug|Any CPU.Build.0 = Debug|Any CPU
		{91A9E5F8-4E56-4922-8522-165D4655B51F}.Release|Any CPU.ActiveCfg = Release|Any CPU
		{91A9E5F8-4E56-4922-8522-165D4655B51F}.Release|Any CPU.Build.0 = Release|Any CPU
		{0D73439E-6F8F-4FD0-8B78-9291F130CB74}.Debug|Any CPU.ActiveCfg = Debug|Any CPU
		{0D73439E-6F8F-4FD0-8B78-9291F130CB74}.Debug|Any CPU.Build.0 = Debug|Any CPU
		{0D73439E-6F8F-4FD0-8B78-9291F130CB74}.Release|Any CPU.ActiveCfg = Release|Any CPU
		{0D73439E-6F8F-4FD0-8B78-9291F130CB74}.Release|Any CPU.Build.0 = Release|Any CPU
		{45F51293-2CA0-4F19-9B86-2038AABEC36F}.Debug|Any CPU.ActiveCfg = Debug|Any CPU
		{45F51293-2CA0-4F19-9B86-2038AABEC36F}.Debug|Any CPU.Build.0 = Debug|Any CPU
		{45F51293-2CA0-4F19-9B86-2038AABEC36F}.Release|Any CPU.ActiveCfg = Release|Any CPU
		{45F51293-2CA0-4F19-9B86-2038AABEC36F}.Release|Any CPU.Build.0 = Release|Any CPU
		{659F9449-8698-40F6-8E0E-7DF0CC96583B}.Debug|Any CPU.ActiveCfg = Debug|Any CPU
		{659F9449-8698-40F6-8E0E-7DF0CC96583B}.Debug|Any CPU.Build.0 = Debug|Any CPU
		{659F9449-8698-40F6-8E0E-7DF0CC96583B}.Release|Any CPU.ActiveCfg = Release|Any CPU
		{659F9449-8698-40F6-8E0E-7DF0CC96583B}.Release|Any CPU.Build.0 = Release|Any CPU
		{874A4A6C-9F92-46C6-BFC4-B92DF57DBD45}.Debug|Any CPU.ActiveCfg = Debug|Any CPU
		{874A4A6C-9F92-46C6-BFC4-B92DF57DBD45}.Debug|Any CPU.Build.0 = Debug|Any CPU
		{874A4A6C-9F92-46C6-BFC4-B92DF57DBD45}.Release|Any CPU.ActiveCfg = Release|Any CPU
		{874A4A6C-9F92-46C6-BFC4-B92DF57DBD45}.Release|Any CPU.Build.0 = Release|Any CPU
		{5221715F-FFAB-489F-BA7E-BC3370B4DB93}.Debug|Any CPU.ActiveCfg = Debug|Any CPU
		{5221715F-FFAB-489F-BA7E-BC3370B4DB93}.Debug|Any CPU.Build.0 = Debug|Any CPU
		{5221715F-FFAB-489F-BA7E-BC3370B4DB93}.Release|Any CPU.ActiveCfg = Release|Any CPU
		{5221715F-FFAB-489F-BA7E-BC3370B4DB93}.Release|Any CPU.Build.0 = Release|Any CPU
		{15746560-A322-4BAA-8DBF-0667317A8D53}.Debug|Any CPU.ActiveCfg = Debug|Any CPU
		{15746560-A322-4BAA-8DBF-0667317A8D53}.Debug|Any CPU.Build.0 = Debug|Any CPU
		{15746560-A322-4BAA-8DBF-0667317A8D53}.Release|Any CPU.ActiveCfg = Release|Any CPU
		{15746560-A322-4BAA-8DBF-0667317A8D53}.Release|Any CPU.Build.0 = Release|Any CPU
		{2823A82C-DB8C-444A-9387-5CD866C2A9E6}.Debug|Any CPU.ActiveCfg = Debug|Any CPU
		{2823A82C-DB8C-444A-9387-5CD866C2A9E6}.Debug|Any CPU.Build.0 = Debug|Any CPU
		{2823A82C-DB8C-444A-9387-5CD866C2A9E6}.Release|Any CPU.ActiveCfg = Release|Any CPU
		{2823A82C-DB8C-444A-9387-5CD866C2A9E6}.Release|Any CPU.Build.0 = Release|Any CPU
		{4FC9BBB6-2B9C-4997-93CC-144FB07E6A0E}.Debug|Any CPU.ActiveCfg = Debug|Any CPU
		{4FC9BBB6-2B9C-4997-93CC-144FB07E6A0E}.Debug|Any CPU.Build.0 = Debug|Any CPU
		{4FC9BBB6-2B9C-4997-93CC-144FB07E6A0E}.Release|Any CPU.ActiveCfg = Release|Any CPU
		{4FC9BBB6-2B9C-4997-93CC-144FB07E6A0E}.Release|Any CPU.Build.0 = Release|Any CPU
		{A3155FE8-FC87-48E1-A72F-EE254A96551F}.Debug|Any CPU.ActiveCfg = Debug|Any CPU
		{A3155FE8-FC87-48E1-A72F-EE254A96551F}.Debug|Any CPU.Build.0 = Debug|Any CPU
		{A3155FE8-FC87-48E1-A72F-EE254A96551F}.Release|Any CPU.ActiveCfg = Release|Any CPU
		{A3155FE8-FC87-48E1-A72F-EE254A96551F}.Release|Any CPU.Build.0 = Release|Any CPU
		{6884B533-F22C-41C4-AC0E-C7CFE0BFD8A8}.Debug|Any CPU.ActiveCfg = Debug|Any CPU
		{6884B533-F22C-41C4-AC0E-C7CFE0BFD8A8}.Debug|Any CPU.Build.0 = Debug|Any CPU
		{6884B533-F22C-41C4-AC0E-C7CFE0BFD8A8}.Release|Any CPU.ActiveCfg = Release|Any CPU
		{6884B533-F22C-41C4-AC0E-C7CFE0BFD8A8}.Release|Any CPU.Build.0 = Release|Any CPU
		{619CC96F-D37A-4BE1-AF45-AA96299645F0}.Debug|Any CPU.ActiveCfg = Debug|Any CPU
		{619CC96F-D37A-4BE1-AF45-AA96299645F0}.Debug|Any CPU.Build.0 = Debug|Any CPU
		{619CC96F-D37A-4BE1-AF45-AA96299645F0}.Release|Any CPU.ActiveCfg = Release|Any CPU
		{619CC96F-D37A-4BE1-AF45-AA96299645F0}.Release|Any CPU.Build.0 = Release|Any CPU
		{AE39050D-CE60-43E8-A85C-CC82CDF6E90B}.Debug|Any CPU.ActiveCfg = Debug|Any CPU
		{AE39050D-CE60-43E8-A85C-CC82CDF6E90B}.Debug|Any CPU.Build.0 = Debug|Any CPU
		{AE39050D-CE60-43E8-A85C-CC82CDF6E90B}.Release|Any CPU.ActiveCfg = Release|Any CPU
		{AE39050D-CE60-43E8-A85C-CC82CDF6E90B}.Release|Any CPU.Build.0 = Release|Any CPU
		{A27D080A-1D4A-4D02-ADC0-6064340FC711}.Debug|Any CPU.ActiveCfg = Debug|Any CPU
		{A27D080A-1D4A-4D02-ADC0-6064340FC711}.Debug|Any CPU.Build.0 = Debug|Any CPU
		{A27D080A-1D4A-4D02-ADC0-6064340FC711}.Release|Any CPU.ActiveCfg = Release|Any CPU
		{A27D080A-1D4A-4D02-ADC0-6064340FC711}.Release|Any CPU.Build.0 = Release|Any CPU
		{C95A6722-0101-4172-8BB2-A8F880AFFB74}.Debug|Any CPU.ActiveCfg = Debug|Any CPU
		{C95A6722-0101-4172-8BB2-A8F880AFFB74}.Debug|Any CPU.Build.0 = Debug|Any CPU
		{C95A6722-0101-4172-8BB2-A8F880AFFB74}.Release|Any CPU.ActiveCfg = Release|Any CPU
		{C95A6722-0101-4172-8BB2-A8F880AFFB74}.Release|Any CPU.Build.0 = Release|Any CPU
		{C549732F-309C-4B4B-AD72-2025EC485209}.Debug|Any CPU.ActiveCfg = Debug|Any CPU
		{C549732F-309C-4B4B-AD72-2025EC485209}.Debug|Any CPU.Build.0 = Debug|Any CPU
		{C549732F-309C-4B4B-AD72-2025EC485209}.Release|Any CPU.ActiveCfg = Release|Any CPU
		{C549732F-309C-4B4B-AD72-2025EC485209}.Release|Any CPU.Build.0 = Release|Any CPU
		{F80C05EA-2831-4FEB-AF0D-271F6D92F3DE}.Debug|Any CPU.ActiveCfg = Debug|Any CPU
		{F80C05EA-2831-4FEB-AF0D-271F6D92F3DE}.Debug|Any CPU.Build.0 = Debug|Any CPU
		{F80C05EA-2831-4FEB-AF0D-271F6D92F3DE}.Release|Any CPU.ActiveCfg = Release|Any CPU
		{F80C05EA-2831-4FEB-AF0D-271F6D92F3DE}.Release|Any CPU.Build.0 = Release|Any CPU
		{47679294-22A2-44D9-995D-818096489F5C}.Debug|Any CPU.ActiveCfg = Debug|Any CPU
		{47679294-22A2-44D9-995D-818096489F5C}.Debug|Any CPU.Build.0 = Debug|Any CPU
		{47679294-22A2-44D9-995D-818096489F5C}.Release|Any CPU.ActiveCfg = Release|Any CPU
		{47679294-22A2-44D9-995D-818096489F5C}.Release|Any CPU.Build.0 = Release|Any CPU
		{6DB08757-30F6-46D6-8C6A-04B4B569C4BA}.Debug|Any CPU.ActiveCfg = Debug|Any CPU
		{6DB08757-30F6-46D6-8C6A-04B4B569C4BA}.Debug|Any CPU.Build.0 = Debug|Any CPU
		{6DB08757-30F6-46D6-8C6A-04B4B569C4BA}.Release|Any CPU.ActiveCfg = Release|Any CPU
		{6DB08757-30F6-46D6-8C6A-04B4B569C4BA}.Release|Any CPU.Build.0 = Release|Any CPU
		{7A5CCFD0-293D-41CC-9C35-38BD4715FD5E}.Debug|Any CPU.ActiveCfg = Debug|Any CPU
		{7A5CCFD0-293D-41CC-9C35-38BD4715FD5E}.Debug|Any CPU.Build.0 = Debug|Any CPU
		{7A5CCFD0-293D-41CC-9C35-38BD4715FD5E}.Release|Any CPU.ActiveCfg = Release|Any CPU
		{7A5CCFD0-293D-41CC-9C35-38BD4715FD5E}.Release|Any CPU.Build.0 = Release|Any CPU
		{37498AFC-6670-4E93-9092-B441EB8AC008}.Debug|Any CPU.ActiveCfg = Debug|Any CPU
		{37498AFC-6670-4E93-9092-B441EB8AC008}.Debug|Any CPU.Build.0 = Debug|Any CPU
		{37498AFC-6670-4E93-9092-B441EB8AC008}.Release|Any CPU.ActiveCfg = Release|Any CPU
		{37498AFC-6670-4E93-9092-B441EB8AC008}.Release|Any CPU.Build.0 = Release|Any CPU
		{A00B8321-C926-4270-952F-7745C422D778}.Debug|Any CPU.ActiveCfg = Debug|Any CPU
		{A00B8321-C926-4270-952F-7745C422D778}.Debug|Any CPU.Build.0 = Debug|Any CPU
		{A00B8321-C926-4270-952F-7745C422D778}.Release|Any CPU.ActiveCfg = Release|Any CPU
		{A00B8321-C926-4270-952F-7745C422D778}.Release|Any CPU.Build.0 = Release|Any CPU
		{89D1730F-BF3F-45F3-9177-17456CEE060A}.Debug|Any CPU.ActiveCfg = Debug|Any CPU
		{89D1730F-BF3F-45F3-9177-17456CEE060A}.Debug|Any CPU.Build.0 = Debug|Any CPU
		{89D1730F-BF3F-45F3-9177-17456CEE060A}.Release|Any CPU.ActiveCfg = Release|Any CPU
		{89D1730F-BF3F-45F3-9177-17456CEE060A}.Release|Any CPU.Build.0 = Release|Any CPU
		{43DFC100-7B98-4AB1-B120-C0783F8B05D3}.Debug|Any CPU.ActiveCfg = Debug|Any CPU
		{43DFC100-7B98-4AB1-B120-C0783F8B05D3}.Debug|Any CPU.Build.0 = Debug|Any CPU
		{43DFC100-7B98-4AB1-B120-C0783F8B05D3}.Release|Any CPU.ActiveCfg = Release|Any CPU
		{43DFC100-7B98-4AB1-B120-C0783F8B05D3}.Release|Any CPU.Build.0 = Release|Any CPU
		{5B7EF474-4412-4CF3-AE79-DDFA00053368}.Debug|Any CPU.ActiveCfg = Debug|Any CPU
		{5B7EF474-4412-4CF3-AE79-DDFA00053368}.Debug|Any CPU.Build.0 = Debug|Any CPU
		{5B7EF474-4412-4CF3-AE79-DDFA00053368}.Release|Any CPU.ActiveCfg = Release|Any CPU
		{5B7EF474-4412-4CF3-AE79-DDFA00053368}.Release|Any CPU.Build.0 = Release|Any CPU
		{4013FF64-6C93-45B8-8843-D5C9E000AEC3}.Debug|Any CPU.ActiveCfg = Debug|Any CPU
		{4013FF64-6C93-45B8-8843-D5C9E000AEC3}.Debug|Any CPU.Build.0 = Debug|Any CPU
		{4013FF64-6C93-45B8-8843-D5C9E000AEC3}.Release|Any CPU.ActiveCfg = Release|Any CPU
		{4013FF64-6C93-45B8-8843-D5C9E000AEC3}.Release|Any CPU.Build.0 = Release|Any CPU
		{609111B0-CC38-447B-809E-45BCA89F7FF0}.Debug|Any CPU.ActiveCfg = Debug|Any CPU
		{609111B0-CC38-447B-809E-45BCA89F7FF0}.Debug|Any CPU.Build.0 = Debug|Any CPU
		{609111B0-CC38-447B-809E-45BCA89F7FF0}.Release|Any CPU.ActiveCfg = Release|Any CPU
		{609111B0-CC38-447B-809E-45BCA89F7FF0}.Release|Any CPU.Build.0 = Release|Any CPU
		{37248CF6-49A4-47C3-BDCC-5EB7A0BAABA6}.Debug|Any CPU.ActiveCfg = Debug|Any CPU
		{37248CF6-49A4-47C3-BDCC-5EB7A0BAABA6}.Debug|Any CPU.Build.0 = Debug|Any CPU
		{37248CF6-49A4-47C3-BDCC-5EB7A0BAABA6}.Release|Any CPU.ActiveCfg = Release|Any CPU
		{37248CF6-49A4-47C3-BDCC-5EB7A0BAABA6}.Release|Any CPU.Build.0 = Release|Any CPU
		{B238643E-47CA-4BC3-AC0B-96AE50DF1920}.Debug|Any CPU.ActiveCfg = Debug|Any CPU
		{B238643E-47CA-4BC3-AC0B-96AE50DF1920}.Debug|Any CPU.Build.0 = Debug|Any CPU
		{B238643E-47CA-4BC3-AC0B-96AE50DF1920}.Release|Any CPU.ActiveCfg = Release|Any CPU
		{B238643E-47CA-4BC3-AC0B-96AE50DF1920}.Release|Any CPU.Build.0 = Release|Any CPU
		{FECE4291-9DBF-418C-A198-F66833A8B2A1}.Debug|Any CPU.ActiveCfg = Debug|Any CPU
		{FECE4291-9DBF-418C-A198-F66833A8B2A1}.Debug|Any CPU.Build.0 = Debug|Any CPU
		{FECE4291-9DBF-418C-A198-F66833A8B2A1}.Release|Any CPU.ActiveCfg = Release|Any CPU
		{FECE4291-9DBF-418C-A198-F66833A8B2A1}.Release|Any CPU.Build.0 = Release|Any CPU
		{D125F5F3-1D71-4FA1-95AA-6D5817F526A1}.Debug|Any CPU.ActiveCfg = Debug|Any CPU
		{D125F5F3-1D71-4FA1-95AA-6D5817F526A1}.Debug|Any CPU.Build.0 = Debug|Any CPU
		{D125F5F3-1D71-4FA1-95AA-6D5817F526A1}.Release|Any CPU.ActiveCfg = Release|Any CPU
		{D125F5F3-1D71-4FA1-95AA-6D5817F526A1}.Release|Any CPU.Build.0 = Release|Any CPU
		{5B2F995B-2811-416D-B9B2-790EA7A1AD10}.Debug|Any CPU.ActiveCfg = Debug|Any CPU
		{5B2F995B-2811-416D-B9B2-790EA7A1AD10}.Debug|Any CPU.Build.0 = Debug|Any CPU
		{5B2F995B-2811-416D-B9B2-790EA7A1AD10}.Release|Any CPU.ActiveCfg = Release|Any CPU
		{5B2F995B-2811-416D-B9B2-790EA7A1AD10}.Release|Any CPU.Build.0 = Release|Any CPU
		{2DD46C33-FE31-4E38-BC57-7C6EA54CCA86}.Debug|Any CPU.ActiveCfg = Debug|Any CPU
		{2DD46C33-FE31-4E38-BC57-7C6EA54CCA86}.Debug|Any CPU.Build.0 = Debug|Any CPU
		{2DD46C33-FE31-4E38-BC57-7C6EA54CCA86}.Release|Any CPU.ActiveCfg = Release|Any CPU
		{2DD46C33-FE31-4E38-BC57-7C6EA54CCA86}.Release|Any CPU.Build.0 = Release|Any CPU
		{629E3B37-34B9-4D98-986D-3FD0544B5A6A}.Debug|Any CPU.ActiveCfg = Debug|Any CPU
		{629E3B37-34B9-4D98-986D-3FD0544B5A6A}.Debug|Any CPU.Build.0 = Debug|Any CPU
		{629E3B37-34B9-4D98-986D-3FD0544B5A6A}.Release|Any CPU.ActiveCfg = Release|Any CPU
		{629E3B37-34B9-4D98-986D-3FD0544B5A6A}.Release|Any CPU.Build.0 = Release|Any CPU
	EndGlobalSection
	GlobalSection(SolutionProperties) = preSolution
		HideSolutionNode = FALSE
	EndGlobalSection
	GlobalSection(NestedProjects) = preSolution
		{70EF13DB-BF9C-4E87-A49D-E3BBFC9A1CFF} = {3D056792-F2C3-47F7-976D-C889625E5A8C}
		{AAC2BF06-0B62-4FDB-9AAF-A0BE5BE3EF26} = {3D056792-F2C3-47F7-976D-C889625E5A8C}
		{ADEBBFBE-F27A-43A0-9932-213184EE7FED} = {3D056792-F2C3-47F7-976D-C889625E5A8C}
		{8AE6B6DB-A6C4-460E-B82D-8B35C9F3299C} = {3D056792-F2C3-47F7-976D-C889625E5A8C}
		{D300785A-7B88-44AB-B9DD-DC7FBC3AA4AD} = {3D056792-F2C3-47F7-976D-C889625E5A8C}
		{00BA4DB1-3EE8-4996-A882-B81A0243FE1C} = {3D056792-F2C3-47F7-976D-C889625E5A8C}
		{99E4C419-E3BC-4045-8B98-95C4FC8AF583} = {3D056792-F2C3-47F7-976D-C889625E5A8C}
		{432A7EEF-32CA-4B2D-A16B-FDE9B52C3825} = {3D056792-F2C3-47F7-976D-C889625E5A8C}
		{6E5D794C-656A-4267-AF06-A99BA6A24B6B} = {3D056792-F2C3-47F7-976D-C889625E5A8C}
		{89496B74-926A-44C9-9EA3-DA57E8742FB0} = {3D056792-F2C3-47F7-976D-C889625E5A8C}
		{3F38785D-EA4B-405D-A3F3-25AC46372518} = {3D056792-F2C3-47F7-976D-C889625E5A8C}
		{67210ABF-E019-4DCA-96F5-98262D7FCEAC} = {3D056792-F2C3-47F7-976D-C889625E5A8C}
		{2449A3D8-446C-41A4-AF14-5E0465214C00} = {3D056792-F2C3-47F7-976D-C889625E5A8C}
		{77CD6B3B-AFC0-40E6-BAEA-A91477A562B6} = {3D056792-F2C3-47F7-976D-C889625E5A8C}
		{91A9E5F8-4E56-4922-8522-165D4655B51F} = {3D056792-F2C3-47F7-976D-C889625E5A8C}
		{0D73439E-6F8F-4FD0-8B78-9291F130CB74} = {3D056792-F2C3-47F7-976D-C889625E5A8C}
		{45F51293-2CA0-4F19-9B86-2038AABEC36F} = {3D056792-F2C3-47F7-976D-C889625E5A8C}
		{659F9449-8698-40F6-8E0E-7DF0CC96583B} = {7A8208CE-EEDF-4638-A2DF-0F6A9E720665}
		{874A4A6C-9F92-46C6-BFC4-B92DF57DBD45} = {7A8208CE-EEDF-4638-A2DF-0F6A9E720665}
		{5221715F-FFAB-489F-BA7E-BC3370B4DB93} = {7A8208CE-EEDF-4638-A2DF-0F6A9E720665}
		{15746560-A322-4BAA-8DBF-0667317A8D53} = {7A8208CE-EEDF-4638-A2DF-0F6A9E720665}
		{2823A82C-DB8C-444A-9387-5CD866C2A9E6} = {7A8208CE-EEDF-4638-A2DF-0F6A9E720665}
		{4FC9BBB6-2B9C-4997-93CC-144FB07E6A0E} = {7A8208CE-EEDF-4638-A2DF-0F6A9E720665}
		{A3155FE8-FC87-48E1-A72F-EE254A96551F} = {7A8208CE-EEDF-4638-A2DF-0F6A9E720665}
		{6884B533-F22C-41C4-AC0E-C7CFE0BFD8A8} = {7A8208CE-EEDF-4638-A2DF-0F6A9E720665}
		{619CC96F-D37A-4BE1-AF45-AA96299645F0} = {7A8208CE-EEDF-4638-A2DF-0F6A9E720665}
		{AE39050D-CE60-43E8-A85C-CC82CDF6E90B} = {8CEC0405-FA4A-4AF0-B84C-49058CAB49F2}
		{A27D080A-1D4A-4D02-ADC0-6064340FC711} = {8CEC0405-FA4A-4AF0-B84C-49058CAB49F2}
		{C95A6722-0101-4172-8BB2-A8F880AFFB74} = {8CEC0405-FA4A-4AF0-B84C-49058CAB49F2}
		{C549732F-309C-4B4B-AD72-2025EC485209} = {8CEC0405-FA4A-4AF0-B84C-49058CAB49F2}
		{F80C05EA-2831-4FEB-AF0D-271F6D92F3DE} = {8CEC0405-FA4A-4AF0-B84C-49058CAB49F2}
		{47679294-22A2-44D9-995D-818096489F5C} = {8CEC0405-FA4A-4AF0-B84C-49058CAB49F2}
		{6DB08757-30F6-46D6-8C6A-04B4B569C4BA} = {8CEC0405-FA4A-4AF0-B84C-49058CAB49F2}
		{7A5CCFD0-293D-41CC-9C35-38BD4715FD5E} = {8CEC0405-FA4A-4AF0-B84C-49058CAB49F2}
		{37498AFC-6670-4E93-9092-B441EB8AC008} = {8CEC0405-FA4A-4AF0-B84C-49058CAB49F2}
		{A00B8321-C926-4270-952F-7745C422D778} = {8CEC0405-FA4A-4AF0-B84C-49058CAB49F2}
		{89D1730F-BF3F-45F3-9177-17456CEE060A} = {8CEC0405-FA4A-4AF0-B84C-49058CAB49F2}
		{43DFC100-7B98-4AB1-B120-C0783F8B05D3} = {8CEC0405-FA4A-4AF0-B84C-49058CAB49F2}
		{5B7EF474-4412-4CF3-AE79-DDFA00053368} = {8CEC0405-FA4A-4AF0-B84C-49058CAB49F2}
		{4013FF64-6C93-45B8-8843-D5C9E000AEC3} = {8CEC0405-FA4A-4AF0-B84C-49058CAB49F2}
		{609111B0-CC38-447B-809E-45BCA89F7FF0} = {8CEC0405-FA4A-4AF0-B84C-49058CAB49F2}
		{37248CF6-49A4-47C3-BDCC-5EB7A0BAABA6} = {8CEC0405-FA4A-4AF0-B84C-49058CAB49F2}
		{B238643E-47CA-4BC3-AC0B-96AE50DF1920} = {8CEC0405-FA4A-4AF0-B84C-49058CAB49F2}
		{FECE4291-9DBF-418C-A198-F66833A8B2A1} = {8CEC0405-FA4A-4AF0-B84C-49058CAB49F2}
		{D125F5F3-1D71-4FA1-95AA-6D5817F526A1} = {8CEC0405-FA4A-4AF0-B84C-49058CAB49F2}
		{5B2F995B-2811-416D-B9B2-790EA7A1AD10} = {8CEC0405-FA4A-4AF0-B84C-49058CAB49F2}
		{2DD46C33-FE31-4E38-BC57-7C6EA54CCA86} = {7D0E6025-AFA4-4531-A381-FAAA932A373D}
		{629E3B37-34B9-4D98-986D-3FD0544B5A6A} = {7D0E6025-AFA4-4531-A381-FAAA932A373D}
	EndGlobalSection
	GlobalSection(ExtensibilityGlobals) = postSolution
		SolutionGuid = {A9028F38-796D-41AB-B8E3-AA1E2AB64D31}
	EndGlobalSection
EndGlobal
